// !$*UTF8*$!
{
	archiveVersion = 1;
	classes = {
	};
	objectVersion = 50;
	objects = {

/* Begin PBXBuildFile section */
		D951344A25E3578E00B0A3EF /* assign1App.swift in Sources */ = {isa = PBXBuildFile; fileRef = D951344925E3578E00B0A3EF /* assign1App.swift */; };
		D951344C25E3578E00B0A3EF /* ContentView.swift in Sources */ = {isa = PBXBuildFile; fileRef = D951344B25E3578E00B0A3EF /* ContentView.swift */; };
		D951344E25E3579400B0A3EF /* Assets.xcassets in Resources */ = {isa = PBXBuildFile; fileRef = D951344D25E3579400B0A3EF /* Assets.xcassets */; };
		D951345125E3579400B0A3EF /* Preview Assets.xcassets in Resources */ = {isa = PBXBuildFile; fileRef = D951345025E3579400B0A3EF /* Preview Assets.xcassets */; };
		D951345C25E3579500B0A3EF /* assign1Tests.swift in Sources */ = {isa = PBXBuildFile; fileRef = D951345B25E3579500B0A3EF /* assign1Tests.swift */; };
		D951346725E3579500B0A3EF /* assign1UITests.swift in Sources */ = {isa = PBXBuildFile; fileRef = D951346625E3579500B0A3EF /* assign1UITests.swift */; };
		D951347825E357C400B0A3EF /* model.swift in Sources */ = {isa = PBXBuildFile; fileRef = D951347725E357C400B0A3EF /* model.swift */; };
/* End PBXBuildFile section */

/* Begin PBXContainerItemProxy section */
		D951345825E3579500B0A3EF /* PBXContainerItemProxy */ = {
			isa = PBXContainerItemProxy;
			containerPortal = D951343E25E3578E00B0A3EF /* Project object */;
			proxyType = 1;
			remoteGlobalIDString = D951344525E3578E00B0A3EF;
			remoteInfo = assign1;
		};
		D951346325E3579500B0A3EF /* PBXContainerItemProxy */ = {
			isa = PBXContainerItemProxy;
			containerPortal = D951343E25E3578E00B0A3EF /* Project object */;
			proxyType = 1;
			remoteGlobalIDString = D951344525E3578E00B0A3EF;
			remoteInfo = assign1;
		};
/* End PBXContainerItemProxy section */

/* Begin PBXFileReference section */
		D951344625E3578E00B0A3EF /* assign1.app */ = {isa = PBXFileReference; explicitFileType = wrapper.application; includeInIndex = 0; path = assign1.app; sourceTree = BUILT_PRODUCTS_DIR; };
		D951344925E3578E00B0A3EF /* assign1App.swift */ = {isa = PBXFileReference; lastKnownFileType = sourcecode.swift; path = assign1App.swift; sourceTree = "<group>"; };
		D951344B25E3578E00B0A3EF /* ContentView.swift */ = {isa = PBXFileReference; lastKnownFileType = sourcecode.swift; path = ContentView.swift; sourceTree = "<group>"; };
		D951344D25E3579400B0A3EF /* Assets.xcassets */ = {isa = PBXFileReference; lastKnownFileType = folder.assetcatalog; path = Assets.xcassets; sourceTree = "<group>"; };
		D951345025E3579400B0A3EF /* Preview Assets.xcassets */ = {isa = PBXFileReference; lastKnownFileType = folder.assetcatalog; path = "Preview Assets.xcassets"; sourceTree = "<group>"; };
		D951345225E3579400B0A3EF /* Info.plist */ = {isa = PBXFileReference; lastKnownFileType = text.plist.xml; path = Info.plist; sourceTree = "<group>"; };
		D951345725E3579500B0A3EF /* assign1Tests.xctest */ = {isa = PBXFileReference; explicitFileType = wrapper.cfbundle; includeInIndex = 0; path = assign1Tests.xctest; sourceTree = BUILT_PRODUCTS_DIR; };
		D951345B25E3579500B0A3EF /* assign1Tests.swift */ = {isa = PBXFileReference; lastKnownFileType = sourcecode.swift; path = assign1Tests.swift; sourceTree = "<group>"; };
		D951345D25E3579500B0A3EF /* Info.plist */ = {isa = PBXFileReference; lastKnownFileType = text.plist.xml; path = Info.plist; sourceTree = "<group>"; };
		D951346225E3579500B0A3EF /* assign1UITests.xctest */ = {isa = PBXFileReference; explicitFileType = wrapper.cfbundle; includeInIndex = 0; path = assign1UITests.xctest; sourceTree = BUILT_PRODUCTS_DIR; };
		D951346625E3579500B0A3EF /* assign1UITests.swift */ = {isa = PBXFileReference; lastKnownFileType = sourcecode.swift; path = assign1UITests.swift; sourceTree = "<group>"; };
		D951346825E3579500B0A3EF /* Info.plist */ = {isa = PBXFileReference; lastKnownFileType = text.plist.xml; path = Info.plist; sourceTree = "<group>"; };
		D951347725E357C400B0A3EF /* model.swift */ = {isa = PBXFileReference; lastKnownFileType = sourcecode.swift; path = model.swift; sourceTree = "<group>"; };
/* End PBXFileReference section */

/* Begin PBXFrameworksBuildPhase section */
		D951344325E3578E00B0A3EF /* Frameworks */ = {
			isa = PBXFrameworksBuildPhase;
			buildActionMask = 2147483647;
			files = (
			);
			runOnlyForDeploymentPostprocessing = 0;
		};
		D951345425E3579500B0A3EF /* Frameworks */ = {
			isa = PBXFrameworksBuildPhase;
			buildActionMask = 2147483647;
			files = (
			);
			runOnlyForDeploymentPostprocessing = 0;
		};
		D951345F25E3579500B0A3EF /* Frameworks */ = {
			isa = PBXFrameworksBuildPhase;
			buildActionMask = 2147483647;
			files = (
			);
			runOnlyForDeploymentPostprocessing = 0;
		};
/* End PBXFrameworksBuildPhase section */

/* Begin PBXGroup section */
		D951343D25E3578E00B0A3EF = {
			isa = PBXGroup;
			children = (
				D951344825E3578E00B0A3EF /* assign1 */,
				D951345A25E3579500B0A3EF /* assign1Tests */,
				D951346525E3579500B0A3EF /* assign1UITests */,
				D951344725E3578E00B0A3EF /* Products */,
			);
			sourceTree = "<group>";
		};
		D951344725E3578E00B0A3EF /* Products */ = {
			isa = PBXGroup;
			children = (
				D951344625E3578E00B0A3EF /* assign1.app */,
				D951345725E3579500B0A3EF /* assign1Tests.xctest */,
				D951346225E3579500B0A3EF /* assign1UITests.xctest */,
			);
			name = Products;
			sourceTree = "<group>";
		};
		D951344825E3578E00B0A3EF /* assign1 */ = {
			isa = PBXGroup;
			children = (
				D951344925E3578E00B0A3EF /* assign1App.swift */,
				D951344B25E3578E00B0A3EF /* ContentView.swift */,
				D951344D25E3579400B0A3EF /* Assets.xcassets */,
				D951345225E3579400B0A3EF /* Info.plist */,
				D951344F25E3579400B0A3EF /* Preview Content */,
				D951347725E357C400B0A3EF /* model.swift */,
			);
			path = assign1;
			sourceTree = "<group>";
		};
		D951344F25E3579400B0A3EF /* Preview Content */ = {
			isa = PBXGroup;
			children = (
				D951345025E3579400B0A3EF /* Preview Assets.xcassets */,
			);
			path = "Preview Content";
			sourceTree = "<group>";
		};
		D951345A25E3579500B0A3EF /* assign1Tests */ = {
			isa = PBXGroup;
			children = (
				D951345B25E3579500B0A3EF /* assign1Tests.swift */,
				D951345D25E3579500B0A3EF /* Info.plist */,
			);
			path = assign1Tests;
			sourceTree = "<group>";
		};
		D951346525E3579500B0A3EF /* assign1UITests */ = {
			isa = PBXGroup;
			children = (
				D951346625E3579500B0A3EF /* assign1UITests.swift */,
				D951346825E3579500B0A3EF /* Info.plist */,
			);
			path = assign1UITests;
			sourceTree = "<group>";
		};
/* End PBXGroup section */

/* Begin PBXNativeTarget section */
		D951344525E3578E00B0A3EF /* assign1 */ = {
			isa = PBXNativeTarget;
			buildConfigurationList = D951346B25E3579500B0A3EF /* Build configuration list for PBXNativeTarget "assign1" */;
			buildPhases = (
				D951344225E3578E00B0A3EF /* Sources */,
				D951344325E3578E00B0A3EF /* Frameworks */,
				D951344425E3578E00B0A3EF /* Resources */,
			);
			buildRules = (
			);
			dependencies = (
			);
			name = assign1;
			productName = assign1;
			productReference = D951344625E3578E00B0A3EF /* assign1.app */;
			productType = "com.apple.product-type.application";
		};
		D951345625E3579500B0A3EF /* assign1Tests */ = {
			isa = PBXNativeTarget;
			buildConfigurationList = D951346E25E3579500B0A3EF /* Build configuration list for PBXNativeTarget "assign1Tests" */;
			buildPhases = (
				D951345325E3579500B0A3EF /* Sources */,
				D951345425E3579500B0A3EF /* Frameworks */,
				D951345525E3579500B0A3EF /* Resources */,
			);
			buildRules = (
			);
			dependencies = (
				D951345925E3579500B0A3EF /* PBXTargetDependency */,
			);
			name = assign1Tests;
			productName = assign1Tests;
			productReference = D951345725E3579500B0A3EF /* assign1Tests.xctest */;
			productType = "com.apple.product-type.bundle.unit-test";
		};
		D951346125E3579500B0A3EF /* assign1UITests */ = {
			isa = PBXNativeTarget;
			buildConfigurationList = D951347125E3579500B0A3EF /* Build configuration list for PBXNativeTarget "assign1UITests" */;
			buildPhases = (
				D951345E25E3579500B0A3EF /* Sources */,
				D951345F25E3579500B0A3EF /* Frameworks */,
				D951346025E3579500B0A3EF /* Resources */,
			);
			buildRules = (
			);
			dependencies = (
				D951346425E3579500B0A3EF /* PBXTargetDependency */,
			);
			name = assign1UITests;
			productName = assign1UITests;
			productReference = D951346225E3579500B0A3EF /* assign1UITests.xctest */;
			productType = "com.apple.product-type.bundle.ui-testing";
		};
/* End PBXNativeTarget section */

/* Begin PBXProject section */
		D951343E25E3578E00B0A3EF /* Project object */ = {
			isa = PBXProject;
			attributes = {
				LastSwiftUpdateCheck = 1240;
				LastUpgradeCheck = 1240;
				TargetAttributes = {
					D951344525E3578E00B0A3EF = {
						CreatedOnToolsVersion = 12.4;
					};
					D951345625E3579500B0A3EF = {
						CreatedOnToolsVersion = 12.4;
						TestTargetID = D951344525E3578E00B0A3EF;
					};
					D951346125E3579500B0A3EF = {
						CreatedOnToolsVersion = 12.4;
						TestTargetID = D951344525E3578E00B0A3EF;
					};
				};
			};
			buildConfigurationList = D951344125E3578E00B0A3EF /* Build configuration list for PBXProject "assign1" */;
			compatibilityVersion = "Xcode 9.3";
			developmentRegion = en;
			hasScannedForEncodings = 0;
			knownRegions = (
				en,
				Base,
			);
			mainGroup = D951343D25E3578E00B0A3EF;
			productRefGroup = D951344725E3578E00B0A3EF /* Products */;
			projectDirPath = "";
			projectRoot = "";
			targets = (
				D951344525E3578E00B0A3EF /* assign1 */,
				D951345625E3579500B0A3EF /* assign1Tests */,
				D951346125E3579500B0A3EF /* assign1UITests */,
			);
		};
/* End PBXProject section */

/* Begin PBXResourcesBuildPhase section */
		D951344425E3578E00B0A3EF /* Resources */ = {
			isa = PBXResourcesBuildPhase;
			buildActionMask = 2147483647;
			files = (
				D951345125E3579400B0A3EF /* Preview Assets.xcassets in Resources */,
				D951344E25E3579400B0A3EF /* Assets.xcassets in Resources */,
			);
			runOnlyForDeploymentPostprocessing = 0;
		};
		D951345525E3579500B0A3EF /* Resources */ = {
			isa = PBXResourcesBuildPhase;
			buildActionMask = 2147483647;
			files = (
			);
			runOnlyForDeploymentPostprocessing = 0;
		};
		D951346025E3579500B0A3EF /* Resources */ = {
			isa = PBXResourcesBuildPhase;
			buildActionMask = 2147483647;
			files = (
			);
			runOnlyForDeploymentPostprocessing = 0;
		};
/* End PBXResourcesBuildPhase section */

/* Begin PBXSourcesBuildPhase section */
		D951344225E3578E00B0A3EF /* Sources */ = {
			isa = PBXSourcesBuildPhase;
			buildActionMask = 2147483647;
			files = (
				D951344C25E3578E00B0A3EF /* ContentView.swift in Sources */,
				D951347825E357C400B0A3EF /* model.swift in Sources */,
				D951344A25E3578E00B0A3EF /* assign1App.swift in Sources */,
			);
			runOnlyForDeploymentPostprocessing = 0;
		};
		D951345325E3579500B0A3EF /* Sources */ = {
			isa = PBXSourcesBuildPhase;
			buildActionMask = 2147483647;
			files = (
				D951345C25E3579500B0A3EF /* assign1Tests.swift in Sources */,
			);
			runOnlyForDeploymentPostprocessing = 0;
		};
		D951345E25E3579500B0A3EF /* Sources */ = {
			isa = PBXSourcesBuildPhase;
			buildActionMask = 2147483647;
			files = (
				D951346725E3579500B0A3EF /* assign1UITests.swift in Sources */,
			);
			runOnlyForDeploymentPostprocessing = 0;
		};
/* End PBXSourcesBuildPhase section */

/* Begin PBXTargetDependency section */
		D951345925E3579500B0A3EF /* PBXTargetDependency */ = {
			isa = PBXTargetDependency;
			target = D951344525E3578E00B0A3EF /* assign1 */;
			targetProxy = D951345825E3579500B0A3EF /* PBXContainerItemProxy */;
		};
		D951346425E3579500B0A3EF /* PBXTargetDependency */ = {
			isa = PBXTargetDependency;
			target = D951344525E3578E00B0A3EF /* assign1 */;
			targetProxy = D951346325E3579500B0A3EF /* PBXContainerItemProxy */;
		};
/* End PBXTargetDependency section */

/* Begin XCBuildConfiguration section */
		D951346925E3579500B0A3EF /* Debug */ = {
			isa = XCBuildConfiguration;
			buildSettings = {
				ALWAYS_SEARCH_USER_PATHS = NO;
				CLANG_ANALYZER_NONNULL = YES;
				CLANG_ANALYZER_NUMBER_OBJECT_CONVERSION = YES_AGGRESSIVE;
				CLANG_CXX_LANGUAGE_STANDARD = "gnu++14";
				CLANG_CXX_LIBRARY = "libc++";
				CLANG_ENABLE_MODULES = YES;
				CLANG_ENABLE_OBJC_ARC = YES;
				CLANG_ENABLE_OBJC_WEAK = YES;
				CLANG_WARN_BLOCK_CAPTURE_AUTORELEASING = YES;
				CLANG_WARN_BOOL_CONVERSION = YES;
				CLANG_WARN_COMMA = YES;
				CLANG_WARN_CONSTANT_CONVERSION = YES;
				CLANG_WARN_DEPRECATED_OBJC_IMPLEMENTATIONS = YES;
				CLANG_WARN_DIRECT_OBJC_ISA_USAGE = YES_ERROR;
				CLANG_WARN_DOCUMENTATION_COMMENTS = YES;
				CLANG_WARN_EMPTY_BODY = YES;
				CLANG_WARN_ENUM_CONVERSION = YES;
				CLANG_WARN_INFINITE_RECURSION = YES;
				CLANG_WARN_INT_CONVERSION = YES;
				CLANG_WARN_NON_LITERAL_NULL_CONVERSION = YES;
				CLANG_WARN_OBJC_IMPLICIT_RETAIN_SELF = YES;
				CLANG_WARN_OBJC_LITERAL_CONVERSION = YES;
				CLANG_WARN_OBJC_ROOT_CLASS = YES_ERROR;
				CLANG_WARN_QUOTED_INCLUDE_IN_FRAMEWORK_HEADER = YES;
				CLANG_WARN_RANGE_LOOP_ANALYSIS = YES;
				CLANG_WARN_STRICT_PROTOTYPES = YES;
				CLANG_WARN_SUSPICIOUS_MOVE = YES;
				CLANG_WARN_UNGUARDED_AVAILABILITY = YES_AGGRESSIVE;
				CLANG_WARN_UNREACHABLE_CODE = YES;
				CLANG_WARN__DUPLICATE_METHOD_MATCH = YES;
				COPY_PHASE_STRIP = NO;
				DEBUG_INFORMATION_FORMAT = dwarf;
				ENABLE_STRICT_OBJC_MSGSEND = YES;
				ENABLE_TESTABILITY = YES;
				GCC_C_LANGUAGE_STANDARD = gnu11;
				GCC_DYNAMIC_NO_PIC = NO;
				GCC_NO_COMMON_BLOCKS = YES;
				GCC_OPTIMIZATION_LEVEL = 0;
				GCC_PREPROCESSOR_DEFINITIONS = (
					"DEBUG=1",
					"$(inherited)",
				);
				GCC_WARN_64_TO_32_BIT_CONVERSION = YES;
				GCC_WARN_ABOUT_RETURN_TYPE = YES_ERROR;
				GCC_WARN_UNDECLARED_SELECTOR = YES;
				GCC_WARN_UNINITIALIZED_AUTOS = YES_AGGRESSIVE;
				GCC_WARN_UNUSED_FUNCTION = YES;
				GCC_WARN_UNUSED_VARIABLE = YES;
				IPHONEOS_DEPLOYMENT_TARGET = 14.4;
				MTL_ENABLE_DEBUG_INFO = INCLUDE_SOURCE;
				MTL_FAST_MATH = YES;
				ONLY_ACTIVE_ARCH = YES;
				SDKROOT = iphoneos;
				SWIFT_ACTIVE_COMPILATION_CONDITIONS = DEBUG;
				SWIFT_OPTIMIZATION_LEVEL = "-Onone";
			};
			name = Debug;
		};
		D951346A25E3579500B0A3EF /* Release */ = {
			isa = XCBuildConfiguration;
			buildSettings = {
				ALWAYS_SEARCH_USER_PATHS = NO;
				CLANG_ANALYZER_NONNULL = YES;
				CLANG_ANALYZER_NUMBER_OBJECT_CONVERSION = YES_AGGRESSIVE;
				CLANG_CXX_LANGUAGE_STANDARD = "gnu++14";
				CLANG_CXX_LIBRARY = "libc++";
				CLANG_ENABLE_MODULES = YES;
				CLANG_ENABLE_OBJC_ARC = YES;
				CLANG_ENABLE_OBJC_WEAK = YES;
				CLANG_WARN_BLOCK_CAPTURE_AUTORELEASING = YES;
				CLANG_WARN_BOOL_CONVERSION = YES;
				CLANG_WARN_COMMA = YES;
				CLANG_WARN_CONSTANT_CONVERSION = YES;
				CLANG_WARN_DEPRECATED_OBJC_IMPLEMENTATIONS = YES;
				CLANG_WARN_DIRECT_OBJC_ISA_USAGE = YES_ERROR;
				CLANG_WARN_DOCUMENTATION_COMMENTS = YES;
				CLANG_WARN_EMPTY_BODY = YES;
				CLANG_WARN_ENUM_CONVERSION = YES;
				CLANG_WARN_INFINITE_RECURSION = YES;
				CLANG_WARN_INT_CONVERSION = YES;
				CLANG_WARN_NON_LITERAL_NULL_CONVERSION = YES;
				CLANG_WARN_OBJC_IMPLICIT_RETAIN_SELF = YES;
				CLANG_WARN_OBJC_LITERAL_CONVERSION = YES;
				CLANG_WARN_OBJC_ROOT_CLASS = YES_ERROR;
				CLANG_WARN_QUOTED_INCLUDE_IN_FRAMEWORK_HEADER = YES;
				CLANG_WARN_RANGE_LOOP_ANALYSIS = YES;
				CLANG_WARN_STRICT_PROTOTYPES = YES;
				CLANG_WARN_SUSPICIOUS_MOVE = YES;
				CLANG_WARN_UNGUARDED_AVAILABILITY = YES_AGGRESSIVE;
				CLANG_WARN_UNREACHABLE_CODE = YES;
				CLANG_WARN__DUPLICATE_METHOD_MATCH = YES;
				COPY_PHASE_STRIP = NO;
				DEBUG_INFORMATION_FORMAT = "dwarf-with-dsym";
				ENABLE_NS_ASSERTIONS = NO;
				ENABLE_STRICT_OBJC_MSGSEND = YES;
				GCC_C_LANGUAGE_STANDARD = gnu11;
				GCC_NO_COMMON_BLOCKS = YES;
				GCC_WARN_64_TO_32_BIT_CONVERSION = YES;
				GCC_WARN_ABOUT_RETURN_TYPE = YES_ERROR;
				GCC_WARN_UNDECLARED_SELECTOR = YES;
				GCC_WARN_UNINITIALIZED_AUTOS = YES_AGGRESSIVE;
				GCC_WARN_UNUSED_FUNCTION = YES;
				GCC_WARN_UNUSED_VARIABLE = YES;
				IPHONEOS_DEPLOYMENT_TARGET = 14.4;
				MTL_ENABLE_DEBUG_INFO = NO;
				MTL_FAST_MATH = YES;
				SDKROOT = iphoneos;
				SWIFT_COMPILATION_MODE = wholemodule;
				SWIFT_OPTIMIZATION_LEVEL = "-O";
				VALIDATE_PRODUCT = YES;
			};
			name = Release;
		};
		D951346C25E3579500B0A3EF /* Debug */ = {
			isa = XCBuildConfiguration;
			buildSettings = {
				ASSETCATALOG_COMPILER_APPICON_NAME = AppIcon;
				ASSETCATALOG_COMPILER_GLOBAL_ACCENT_COLOR_NAME = AccentColor;
				CODE_SIGN_STYLE = Automatic;
				DEVELOPMENT_ASSET_PATHS = "\"assign1/Preview Content\"";
				ENABLE_PREVIEWS = YES;
				INFOPLIST_FILE = assign1/Info.plist;
				IPHONEOS_DEPLOYMENT_TARGET = 14.0;
				LD_RUNPATH_SEARCH_PATHS = (
					"$(inherited)",
					"@executable_path/Frameworks",
				);
				PRODUCT_BUNDLE_IDENTIFIER = Yufei.assign1;
				PRODUCT_NAME = "$(TARGET_NAME)";
				SWIFT_VERSION = 5.0;
				TARGETED_DEVICE_FAMILY = "1,2";
			};
			name = Debug;
		};
		D951346D25E3579500B0A3EF /* Release */ = {
			isa = XCBuildConfiguration;
			buildSettings = {
				ASSETCATALOG_COMPILER_APPICON_NAME = AppIcon;
				ASSETCATALOG_COMPILER_GLOBAL_ACCENT_COLOR_NAME = AccentColor;
				CODE_SIGN_STYLE = Automatic;
				DEVELOPMENT_ASSET_PATHS = "\"assign1/Preview Content\"";
				ENABLE_PREVIEWS = YES;
				INFOPLIST_FILE = assign1/Info.plist;
				IPHONEOS_DEPLOYMENT_TARGET = 14.0;
				LD_RUNPATH_SEARCH_PATHS = (
					"$(inherited)",
					"@executable_path/Frameworks",
				);
				PRODUCT_BUNDLE_IDENTIFIER = Yufei.assign1;
				PRODUCT_NAME = "$(TARGET_NAME)";
				SWIFT_VERSION = 5.0;
				TARGETED_DEVICE_FAMILY = "1,2";
			};
			name = Release;
		};
		D951346F25E3579500B0A3EF /* Debug */ = {
			isa = XCBuildConfiguration;
			buildSettings = {
				ALWAYS_EMBED_SWIFT_STANDARD_LIBRARIES = YES;
				BUNDLE_LOADER = "$(TEST_HOST)";
				CODE_SIGN_STYLE = Automatic;
				INFOPLIST_FILE = assign1Tests/Info.plist;
				IPHONEOS_DEPLOYMENT_TARGET = 14.0;
				LD_RUNPATH_SEARCH_PATHS = (
					"$(inherited)",
					"@executable_path/Frameworks",
					"@loader_path/Frameworks",
				);
				PRODUCT_BUNDLE_IDENTIFIER = Yufei.assign1Tests;
				PRODUCT_NAME = "$(TARGET_NAME)";
				SWIFT_VERSION = 5.0;
				TARGETED_DEVICE_FAMILY = "1,2";
				TEST_HOST = "$(BUILT_PRODUCTS_DIR)/assign1.app/assign1";
			};
			name = Debug;
		};
		D951347025E3579500B0A3EF /* Release */ = {
			isa = XCBuildConfiguration;
			buildSettings = {
				ALWAYS_EMBED_SWIFT_STANDARD_LIBRARIES = YES;
				BUNDLE_LOADER = "$(TEST_HOST)";
				CODE_SIGN_STYLE = Automatic;
				INFOPLIST_FILE = assign1Tests/Info.plist;
				IPHONEOS_DEPLOYMENT_TARGET = 14.0;
				LD_RUNPATH_SEARCH_PATHS = (
					"$(inherited)",
					"@executable_path/Frameworks",
					"@loader_path/Frameworks",
				);
				PRODUCT_BUNDLE_IDENTIFIER = Yufei.assign1Tests;
				PRODUCT_NAME = "$(TARGET_NAME)";
				SWIFT_VERSION = 5.0;
				TARGETED_DEVICE_FAMILY = "1,2";
				TEST_HOST = "$(BUILT_PRODUCTS_DIR)/assign1.app/assign1";
			};
			name = Release;
		};
		D951347225E3579500B0A3EF /* Debug */ = {
			isa = XCBuildConfiguration;
			buildSettings = {
				ALWAYS_EMBED_SWIFT_STANDARD_LIBRARIES = YES;
				CODE_SIGN_STYLE = Automatic;
				INFOPLIST_FILE = assign1UITests/Info.plist;
				LD_RUNPATH_SEARCH_PATHS = (
					"$(inherited)",
					"@executable_path/Frameworks",
					"@loader_path/Frameworks",
				);
				PRODUCT_BUNDLE_IDENTIFIER = Yufei.assign1UITests;
				PRODUCT_NAME = "$(TARGET_NAME)";
				SWIFT_VERSION = 5.0;
				TARGETED_DEVICE_FAMILY = "1,2";
				TEST_TARGET_NAME = assign1;
			};
			name = Debug;
		};
		D951347325E3579500B0A3EF /* Release */ = {
			isa = XCBuildConfiguration;
			buildSettings = {
				ALWAYS_EMBED_SWIFT_STANDARD_LIBRARIES = YES;
				CODE_SIGN_STYLE = Automatic;
				INFOPLIST_FILE = assign1UITests/Info.plist;
				LD_RUNPATH_SEARCH_PATHS = (
					"$(inherited)",
					"@executable_path/Frameworks",
					"@loader_path/Frameworks",
				);
				PRODUCT_BUNDLE_IDENTIFIER = Yufei.assign1UITests;
				PRODUCT_NAME = "$(TARGET_NAME)";
				SWIFT_VERSION = 5.0;
				TARGETED_DEVICE_FAMILY = "1,2";
				TEST_TARGET_NAME = assign1;
			};
			name = Release;
		};
/* End XCBuildConfiguration section */

/* Begin XCConfigurationList section */
		D951344125E3578E00B0A3EF /* Build configuration list for PBXProject "assign1" */ = {
			isa = XCConfigurationList;
			buildConfigurations = (
				D951346925E3579500B0A3EF /* Debug */,
				D951346A25E3579500B0A3EF /* Release */,
			);
			defaultConfigurationIsVisible = 0;
			defaultConfigurationName = Release;
		};
		D951346B25E3579500B0A3EF /* Build configuration list for PBXNativeTarget "assign1" */ = {
			isa = XCConfigurationList;
			buildConfigurations = (
				D951346C25E3579500B0A3EF /* Debug */,
				D951346D25E3579500B0A3EF /* Release */,
			);
			defaultConfigurationIsVisible = 0;
			defaultConfigurationName = Release;
		};
		D951346E25E3579500B0A3EF /* Build configuration list for PBXNativeTarget "assign1Tests" */ = {
			isa = XCConfigurationList;
			buildConfigurations = (
				D951346F25E3579500B0A3EF /* Debug */,
				D951347025E3579500B0A3EF /* Release */,
			);
			defaultConfigurationIsVisible = 0;
			defaultConfigurationName = Release;
		};
		D951347125E3579500B0A3EF /* Build configuration list for PBXNativeTarget "assign1UITests" */ = {
			isa = XCConfigurationList;
			buildConfigurations = (
				D951347225E3579500B0A3EF /* Debug */,
				D951347325E3579500B0A3EF /* Release */,
			);
			defaultConfigurationIsVisible = 0;
			defaultConfigurationName = Release;
		};
/* End XCConfigurationList section */
	};
	rootObject = D951343E25E3578E00B0A3EF /* Project object */;
}
